
Microsoft Visual Studio Solution File, Format Version 12.00
# Visual Studio Version 17
VisualStudioVersion = 17.10.35122.118
MinimumVisualStudioVersion = 10.0.40219.1
Project("{9A19103F-16F7-4668-BE54-9A1E7A4F7556}") = "Nodetool.Utils", "Nodetool.Utils.csproj", "{8674CA69-1D9B-4E78-8474-3D8DBAF35C86}"
EndProject
Global
	GlobalSection(SolutionConfigurationPlatforms) = preSolution
		Debug|Any CPU = Debug|Any CPU
		Release|Any CPU = Release|Any CPU
	EndGlobalSection
	GlobalSection(ProjectConfigurationPlatforms) = postSolution
		{8674CA69-1D9B-4E78-8474-3D8DBAF35C86}.Debug|Any CPU.ActiveCfg = Debug|Any CPU
		{8674CA69-1D9B-4E78-8474-3D8DBAF35C86}.Debug|Any CPU.Build.0 = Debug|Any CPU
		{8674CA69-1D9B-4E78-8474-3D8DBAF35C86}.Release|Any CPU.ActiveCfg = Release|Any CPU
		{8674CA69-1D9B-4E78-8474-3D8DBAF35C86}.Release|Any CPU.Build.0 = Release|Any CPU
	EndGlobalSection
	GlobalSection(SolutionProperties) = preSolution
		HideSolutionNode = FALSE
	EndGlobalSection
	GlobalSection(ExtensibilityGlobals) = postSolution
		SolutionGuid = {46F11951-B12C-4C61-B8C9-FB9A5CF91EF1}
	EndGlobalSection
EndGlobal
